// !$*UTF8*$!
{
	archiveVersion = 1;
	classes = {
	};
	objectVersion = 55;
	objects = {

/* Begin PBXBuildFile section */
		8F293C86288DC8E20099CEB2 /* Saved.swift in Sources */ = {isa = PBXBuildFile; fileRef = 8F293C85288DC8E20099CEB2 /* Saved.swift */; };
		8F293C88288DC8EA0099CEB2 /* Lines.swift in Sources */ = {isa = PBXBuildFile; fileRef = 8F293C87288DC8EA0099CEB2 /* Lines.swift */; };
		8F293C8A288DC8F20099CEB2 /* Profile.swift in Sources */ = {isa = PBXBuildFile; fileRef = 8F293C89288DC8F20099CEB2 /* Profile.swift */; };
		8F293C8C288DCA480099CEB2 /* MainTabsView.swift in Sources */ = {isa = PBXBuildFile; fileRef = 8F293C8B288DCA480099CEB2 /* MainTabsView.swift */; };
		8F43C729288F0367009376AB /* LoginView.swift in Sources */ = {isa = PBXBuildFile; fileRef = 8F43C728288F0367009376AB /* LoginView.swift */; };
		8F43C72B288F03A4009376AB /* AuthHeader.swift in Sources */ = {isa = PBXBuildFile; fileRef = 8F43C72A288F03A4009376AB /* AuthHeader.swift */; };
		8F43C72D288F03E9009376AB /* RoundedShape.swift in Sources */ = {isa = PBXBuildFile; fileRef = 8F43C72C288F03E9009376AB /* RoundedShape.swift */; };
		8F43C72F288F0438009376AB /* CustomInputField.swift in Sources */ = {isa = PBXBuildFile; fileRef = 8F43C72E288F0438009376AB /* CustomInputField.swift */; };
		8F702E77288DAD7200117F4F /* StoreBubble.swift in Sources */ = {isa = PBXBuildFile; fileRef = 8F702E76288DAD7200117F4F /* StoreBubble.swift */; };
		8F79FCCC288EE6690097FDCE /* Header.swift in Sources */ = {isa = PBXBuildFile; fileRef = 8F79FCCB288EE6690097FDCE /* Header.swift */; };
		8F7BEEB6288DE42E004F05EA /* StoreView.swift in Sources */ = {isa = PBXBuildFile; fileRef = 8F7BEEB5288DE42E004F05EA /* StoreView.swift */; };
		8F811A3A288D9DFF0054410A /* ChooseStoreType.swift in Sources */ = {isa = PBXBuildFile; fileRef = 8F811A39288D9DFF0054410A /* ChooseStoreType.swift */; };
		8F8717E5288CE0150094213C /* StoreTypes.swift in Sources */ = {isa = PBXBuildFile; fileRef = 8F8717E4288CE0150094213C /* StoreTypes.swift */; };
		8FD35DBF288EC79700A7DBFE /* SwiftEntryKit in Frameworks */ = {isa = PBXBuildFile; productRef = 8FD35DBE288EC79700A7DBFE /* SwiftEntryKit */; };
		8FFE0214288C64AA007C4427 /* LineJumperApp.swift in Sources */ = {isa = PBXBuildFile; fileRef = 8FFE0213288C64AA007C4427 /* LineJumperApp.swift */; };
		8FFE0216288C64AA007C4427 /* ContentView.swift in Sources */ = {isa = PBXBuildFile; fileRef = 8FFE0215288C64AA007C4427 /* ContentView.swift */; };
		8FFE0218288C64AB007C4427 /* Assets.xcassets in Resources */ = {isa = PBXBuildFile; fileRef = 8FFE0217288C64AB007C4427 /* Assets.xcassets */; };
		8FFE021B288C64AB007C4427 /* Preview Assets.xcassets in Resources */ = {isa = PBXBuildFile; fileRef = 8FFE021A288C64AB007C4427 /* Preview Assets.xcassets */; };
		8FFE022C288C6635007C4427 /* Homepage.swift in Sources */ = {isa = PBXBuildFile; fileRef = 8FFE022B288C6635007C4427 /* Homepage.swift */; };
		8FFE022E288C6837007C4427 /* SearchBar.swift in Sources */ = {isa = PBXBuildFile; fileRef = 8FFE022D288C6837007C4427 /* SearchBar.swift */; };
/* End PBXBuildFile section */

/* Begin PBXFileReference section */
		8F293C85288DC8E20099CEB2 /* Saved.swift */ = {isa = PBXFileReference; lastKnownFileType = sourcecode.swift; path = Saved.swift; sourceTree = "<group>"; };
		8F293C87288DC8EA0099CEB2 /* Lines.swift */ = {isa = PBXFileReference; lastKnownFileType = sourcecode.swift; path = Lines.swift; sourceTree = "<group>"; };
		8F293C89288DC8F20099CEB2 /* Profile.swift */ = {isa = PBXFileReference; lastKnownFileType = sourcecode.swift; path = Profile.swift; sourceTree = "<group>"; };
		8F293C8B288DCA480099CEB2 /* MainTabsView.swift */ = {isa = PBXFileReference; lastKnownFileType = sourcecode.swift; path = MainTabsView.swift; sourceTree = "<group>"; };
		8F43C728288F0367009376AB /* LoginView.swift */ = {isa = PBXFileReference; lastKnownFileType = sourcecode.swift; path = LoginView.swift; sourceTree = "<group>"; };
		8F43C72A288F03A4009376AB /* AuthHeader.swift */ = {isa = PBXFileReference; lastKnownFileType = sourcecode.swift; path = AuthHeader.swift; sourceTree = "<group>"; };
		8F43C72C288F03E9009376AB /* RoundedShape.swift */ = {isa = PBXFileReference; lastKnownFileType = sourcecode.swift; path = RoundedShape.swift; sourceTree = "<group>"; };
		8F43C72E288F0438009376AB /* CustomInputField.swift */ = {isa = PBXFileReference; lastKnownFileType = sourcecode.swift; path = CustomInputField.swift; sourceTree = "<group>"; };
		8F702E76288DAD7200117F4F /* StoreBubble.swift */ = {isa = PBXFileReference; lastKnownFileType = sourcecode.swift; path = StoreBubble.swift; sourceTree = "<group>"; };
		8F79FCCB288EE6690097FDCE /* Header.swift */ = {isa = PBXFileReference; lastKnownFileType = sourcecode.swift; path = Header.swift; sourceTree = "<group>"; };
		8F7BEEB5288DE42E004F05EA /* StoreView.swift */ = {isa = PBXFileReference; lastKnownFileType = sourcecode.swift; path = StoreView.swift; sourceTree = "<group>"; };
		8F811A39288D9DFF0054410A /* ChooseStoreType.swift */ = {isa = PBXFileReference; lastKnownFileType = sourcecode.swift; path = ChooseStoreType.swift; sourceTree = "<group>"; };
		8F8717E4288CE0150094213C /* StoreTypes.swift */ = {isa = PBXFileReference; lastKnownFileType = sourcecode.swift; path = StoreTypes.swift; sourceTree = "<group>"; };
		8FFE0210288C64AA007C4427 /* LineJumper.app */ = {isa = PBXFileReference; explicitFileType = wrapper.application; includeInIndex = 0; path = LineJumper.app; sourceTree = BUILT_PRODUCTS_DIR; };
		8FFE0213288C64AA007C4427 /* LineJumperApp.swift */ = {isa = PBXFileReference; lastKnownFileType = sourcecode.swift; path = LineJumperApp.swift; sourceTree = "<group>"; };
		8FFE0215288C64AA007C4427 /* ContentView.swift */ = {isa = PBXFileReference; lastKnownFileType = sourcecode.swift; path = ContentView.swift; sourceTree = "<group>"; };
		8FFE0217288C64AB007C4427 /* Assets.xcassets */ = {isa = PBXFileReference; lastKnownFileType = folder.assetcatalog; path = Assets.xcassets; sourceTree = "<group>"; };
		8FFE021A288C64AB007C4427 /* Preview Assets.xcassets */ = {isa = PBXFileReference; lastKnownFileType = folder.assetcatalog; path = "Preview Assets.xcassets"; sourceTree = "<group>"; };
		8FFE022B288C6635007C4427 /* Homepage.swift */ = {isa = PBXFileReference; lastKnownFileType = sourcecode.swift; path = Homepage.swift; sourceTree = "<group>"; };
		8FFE022D288C6837007C4427 /* SearchBar.swift */ = {isa = PBXFileReference; lastKnownFileType = sourcecode.swift; path = SearchBar.swift; sourceTree = "<group>"; };
/* End PBXFileReference section */

/* Begin PBXFrameworksBuildPhase section */
		8FFE020D288C64AA007C4427 /* Frameworks */ = {
			isa = PBXFrameworksBuildPhase;
			buildActionMask = 2147483647;
			files = (
				8FD35DBF288EC79700A7DBFE /* SwiftEntryKit in Frameworks */,
			);
			runOnlyForDeploymentPostprocessing = 0;
		};
/* End PBXFrameworksBuildPhase section */

/* Begin PBXGroup section */
		8F293C7C288DC7C40099CEB2 /* MainTabsView */ = {
			isa = PBXGroup;
			children = (
				8F293C8B288DCA480099CEB2 /* MainTabsView.swift */,
			);
			path = MainTabsView;
			sourceTree = "<group>";
		};
		8F293C81288DC8B50099CEB2 /* Pages */ = {
			isa = PBXGroup;
			children = (
				8F293C84288DC8CE0099CEB2 /* Profile */,
				8F293C83288DC8C90099CEB2 /* Lines */,
				8F293C82288DC8BA0099CEB2 /* Saved */,
			);
			path = Pages;
			sourceTree = "<group>";
		};
		8F293C82288DC8BA0099CEB2 /* Saved */ = {
			isa = PBXGroup;
			children = (
				8F293C85288DC8E20099CEB2 /* Saved.swift */,
			);
			path = Saved;
			sourceTree = "<group>";
		};
		8F293C83288DC8C90099CEB2 /* Lines */ = {
			isa = PBXGroup;
			children = (
				8F293C87288DC8EA0099CEB2 /* Lines.swift */,
			);
			path = Lines;
			sourceTree = "<group>";
		};
		8F293C84288DC8CE0099CEB2 /* Profile */ = {
			isa = PBXGroup;
			children = (
				8F293C89288DC8F20099CEB2 /* Profile.swift */,
			);
			path = Profile;
			sourceTree = "<group>";
		};
		8F43C725288F033E009376AB /* Authentication */ = {
			isa = PBXGroup;
			children = (
				8F43C727288F035A009376AB /* ViewModels */,
				8F43C726288F0356009376AB /* Views */,
			);
			path = Authentication;
			sourceTree = "<group>";
		};
		8F43C726288F0356009376AB /* Views */ = {
			isa = PBXGroup;
			children = (
				8F43C728288F0367009376AB /* LoginView.swift */,
				8F43C72A288F03A4009376AB /* AuthHeader.swift */,
			);
			path = Views;
			sourceTree = "<group>";
		};
		8F43C727288F035A009376AB /* ViewModels */ = {
			isa = PBXGroup;
			children = (
			);
			path = ViewModels;
			sourceTree = "<group>";
		};
		8F7BEEB2288DE411004F05EA /* StorePage */ = {
			isa = PBXGroup;
			children = (
				8F7BEEB4288DE420004F05EA /* ViewModel */,
				8F7BEEB3288DE41C004F05EA /* View */,
			);
			path = StorePage;
			sourceTree = "<group>";
		};
		8F7BEEB3288DE41C004F05EA /* View */ = {
			isa = PBXGroup;
			children = (
				8F7BEEB5288DE42E004F05EA /* StoreView.swift */,
			);
			path = View;
			sourceTree = "<group>";
		};
		8F7BEEB4288DE420004F05EA /* ViewModel */ = {
			isa = PBXGroup;
			children = (
			);
			path = ViewModel;
			sourceTree = "<group>";
		};
		8F811A38288D9DDE0054410A /* ChoseStoreType */ = {
			isa = PBXGroup;
			children = (
				8F811A39288D9DFF0054410A /* ChooseStoreType.swift */,
			);
			path = ChoseStoreType;
			sourceTree = "<group>";
		};
		8F8717E6288CEAA70094213C /* StoreBubble */ = {
			isa = PBXGroup;
			children = (
				8F8717EB288CEB090094213C /* ViewModel */,
				8F8717E7288CEAB10094213C /* View */,
			);
			path = StoreBubble;
			sourceTree = "<group>";
		};
		8F8717E7288CEAB10094213C /* View */ = {
			isa = PBXGroup;
			children = (
				8F702E76288DAD7200117F4F /* StoreBubble.swift */,
			);
			path = View;
			sourceTree = "<group>";
		};
		8F8717EB288CEB090094213C /* ViewModel */ = {
			isa = PBXGroup;
			children = (
			);
			path = ViewModel;
			sourceTree = "<group>";
		};
		8FFE0207288C64AA007C4427 = {
			isa = PBXGroup;
			children = (
				8FFE0212288C64AA007C4427 /* LineJumper */,
				8FFE0211288C64AA007C4427 /* Products */,
			);
			sourceTree = "<group>";
		};
		8FFE0211288C64AA007C4427 /* Products */ = {
			isa = PBXGroup;
			children = (
				8FFE0210288C64AA007C4427 /* LineJumper.app */,
			);
			name = Products;
			sourceTree = "<group>";
		};
		8FFE0212288C64AA007C4427 /* LineJumper */ = {
			isa = PBXGroup;
			children = (
				8F293C81288DC8B50099CEB2 /* Pages */,
				8FFE0224288C6586007C4427 /* Util */,
				8FFE0223288C657A007C4427 /* Service */,
				8FFE0222288C6574007C4427 /* Models */,
				8FFE0221288C6567007C4427 /* Core */,
				8FFE0213288C64AA007C4427 /* LineJumperApp.swift */,
				8FFE0215288C64AA007C4427 /* ContentView.swift */,
				8FFE0217288C64AB007C4427 /* Assets.xcassets */,
				8FFE0219288C64AB007C4427 /* Preview Content */,
			);
			path = LineJumper;
			sourceTree = "<group>";
		};
		8FFE0219288C64AB007C4427 /* Preview Content */ = {
			isa = PBXGroup;
			children = (
				8FFE021A288C64AB007C4427 /* Preview Assets.xcassets */,
			);
			path = "Preview Content";
			sourceTree = "<group>";
		};
		8FFE0221288C6567007C4427 /* Core */ = {
			isa = PBXGroup;
			children = (
				8F43C725288F033E009376AB /* Authentication */,
				8F7BEEB2288DE411004F05EA /* StorePage */,
				8F293C7C288DC7C40099CEB2 /* MainTabsView */,
				8FFE0226288C6601007C4427 /* Homepage */,
				8FFE0225288C659D007C4427 /* Components */,
			);
			path = Core;
			sourceTree = "<group>";
		};
		8FFE0222288C6574007C4427 /* Models */ = {
			isa = PBXGroup;
			children = (
			);
			path = Models;
			sourceTree = "<group>";
		};
		8FFE0223288C657A007C4427 /* Service */ = {
			isa = PBXGroup;
			children = (
			);
			path = Service;
			sourceTree = "<group>";
		};
		8FFE0224288C6586007C4427 /* Util */ = {
			isa = PBXGroup;
			children = (
			);
			path = Util;
			sourceTree = "<group>";
		};
		8FFE0225288C659D007C4427 /* Components */ = {
			isa = PBXGroup;
			children = (
				8F811A38288D9DDE0054410A /* ChoseStoreType */,
				8F8717E6288CEAA70094213C /* StoreBubble */,
				8FFE022D288C6837007C4427 /* SearchBar.swift */,
				8F79FCCB288EE6690097FDCE /* Header.swift */,
				8F43C72C288F03E9009376AB /* RoundedShape.swift */,
				8F43C72E288F0438009376AB /* CustomInputField.swift */,
			);
			path = Components;
			sourceTree = "<group>";
		};
		8FFE0226288C6601007C4427 /* Homepage */ = {
			isa = PBXGroup;
			children = (
				8FFE0228288C6611007C4427 /* ViewModels */,
				8FFE0227288C660C007C4427 /* Views */,
			);
			path = Homepage;
			sourceTree = "<group>";
		};
		8FFE0227288C660C007C4427 /* Views */ = {
			isa = PBXGroup;
			children = (
				8FFE022B288C6635007C4427 /* Homepage.swift */,
			);
			path = Views;
			sourceTree = "<group>";
		};
		8FFE0228288C6611007C4427 /* ViewModels */ = {
			isa = PBXGroup;
			children = (
				8F8717E4288CE0150094213C /* StoreTypes.swift */,
			);
			path = ViewModels;
			sourceTree = "<group>";
		};
/* End PBXGroup section */

/* Begin PBXNativeTarget section */
		8FFE020F288C64AA007C4427 /* LineJumper */ = {
			isa = PBXNativeTarget;
			buildConfigurationList = 8FFE021E288C64AB007C4427 /* Build configuration list for PBXNativeTarget "LineJumper" */;
			buildPhases = (
				8FFE020C288C64AA007C4427 /* Sources */,
				8FFE020D288C64AA007C4427 /* Frameworks */,
				8FFE020E288C64AA007C4427 /* Resources */,
			);
			buildRules = (
			);
			dependencies = (
			);
			name = LineJumper;
			packageProductDependencies = (
				8FD35DBE288EC79700A7DBFE /* SwiftEntryKit */,
			);
			productName = LineJumper;
			productReference = 8FFE0210288C64AA007C4427 /* LineJumper.app */;
			productType = "com.apple.product-type.application";
		};
/* End PBXNativeTarget section */

/* Begin PBXProject section */
		8FFE0208288C64AA007C4427 /* Project object */ = {
			isa = PBXProject;
			attributes = {
				BuildIndependentTargetsInParallel = 1;
				LastSwiftUpdateCheck = 1340;
				LastUpgradeCheck = 1340;
				TargetAttributes = {
					8FFE020F288C64AA007C4427 = {
						CreatedOnToolsVersion = 13.4.1;
					};
				};
			};
			buildConfigurationList = 8FFE020B288C64AA007C4427 /* Build configuration list for PBXProject "LineJumper" */;
			compatibilityVersion = "Xcode 13.0";
			developmentRegion = en;
			hasScannedForEncodings = 0;
			knownRegions = (
				en,
				Base,
			);
			mainGroup = 8FFE0207288C64AA007C4427;
			packageReferences = (
				8FD35DBD288EC79700A7DBFE /* XCRemoteSwiftPackageReference "SwiftEntryKit" */,
			);
			productRefGroup = 8FFE0211288C64AA007C4427 /* Products */;
			projectDirPath = "";
			projectRoot = "";
			targets = (
				8FFE020F288C64AA007C4427 /* LineJumper */,
			);
		};
/* End PBXProject section */

/* Begin PBXResourcesBuildPhase section */
		8FFE020E288C64AA007C4427 /* Resources */ = {
			isa = PBXResourcesBuildPhase;
			buildActionMask = 2147483647;
			files = (
				8FFE021B288C64AB007C4427 /* Preview Assets.xcassets in Resources */,
				8FFE0218288C64AB007C4427 /* Assets.xcassets in Resources */,
			);
			runOnlyForDeploymentPostprocessing = 0;
		};
/* End PBXResourcesBuildPhase section */

/* Begin PBXSourcesBuildPhase section */
		8FFE020C288C64AA007C4427 /* Sources */ = {
			isa = PBXSourcesBuildPhase;
			buildActionMask = 2147483647;
			files = (
				8FFE022C288C6635007C4427 /* Homepage.swift in Sources */,
				8F293C88288DC8EA0099CEB2 /* Lines.swift in Sources */,
				8F43C72B288F03A4009376AB /* AuthHeader.swift in Sources */,
				8FFE022E288C6837007C4427 /* SearchBar.swift in Sources */,
				8F8717E5288CE0150094213C /* StoreTypes.swift in Sources */,
				8F43C72F288F0438009376AB /* CustomInputField.swift in Sources */,
				8F293C86288DC8E20099CEB2 /* Saved.swift in Sources */,
				8FFE0216288C64AA007C4427 /* ContentView.swift in Sources */,
				8F702E77288DAD7200117F4F /* StoreBubble.swift in Sources */,
				8F811A3A288D9DFF0054410A /* ChooseStoreType.swift in Sources */,
				8F43C729288F0367009376AB /* LoginView.swift in Sources */,
				8F293C8C288DCA480099CEB2 /* MainTabsView.swift in Sources */,
				8F293C8A288DC8F20099CEB2 /* Profile.swift in Sources */,
				8F79FCCC288EE6690097FDCE /* Header.swift in Sources */,
				8F7BEEB6288DE42E004F05EA /* StoreView.swift in Sources */,
				8FFE0214288C64AA007C4427 /* LineJumperApp.swift in Sources */,
				8F43C72D288F03E9009376AB /* RoundedShape.swift in Sources */,
			);
			runOnlyForDeploymentPostprocessing = 0;
		};
/* End PBXSourcesBuildPhase section */

/* Begin XCBuildConfiguration section */
		8FFE021C288C64AB007C4427 /* Debug */ = {
			isa = XCBuildConfiguration;
			buildSettings = {
				ALWAYS_SEARCH_USER_PATHS = NO;
				CLANG_ANALYZER_NONNULL = YES;
				CLANG_ANALYZER_NUMBER_OBJECT_CONVERSION = YES_AGGRESSIVE;
				CLANG_CXX_LANGUAGE_STANDARD = "gnu++17";
				CLANG_ENABLE_MODULES = YES;
				CLANG_ENABLE_OBJC_ARC = YES;
				CLANG_ENABLE_OBJC_WEAK = YES;
				CLANG_WARN_BLOCK_CAPTURE_AUTORELEASING = YES;
				CLANG_WARN_BOOL_CONVERSION = YES;
				CLANG_WARN_COMMA = YES;
				CLANG_WARN_CONSTANT_CONVERSION = YES;
				CLANG_WARN_DEPRECATED_OBJC_IMPLEMENTATIONS = YES;
				CLANG_WARN_DIRECT_OBJC_ISA_USAGE = YES_ERROR;
				CLANG_WARN_DOCUMENTATION_COMMENTS = YES;
				CLANG_WARN_EMPTY_BODY = YES;
				CLANG_WARN_ENUM_CONVERSION = YES;
				CLANG_WARN_INFINITE_RECURSION = YES;
				CLANG_WARN_INT_CONVERSION = YES;
				CLANG_WARN_NON_LITERAL_NULL_CONVERSION = YES;
				CLANG_WARN_OBJC_IMPLICIT_RETAIN_SELF = YES;
				CLANG_WARN_OBJC_LITERAL_CONVERSION = YES;
				CLANG_WARN_OBJC_ROOT_CLASS = YES_ERROR;
				CLANG_WARN_QUOTED_INCLUDE_IN_FRAMEWORK_HEADER = YES;
				CLANG_WARN_RANGE_LOOP_ANALYSIS = YES;
				CLANG_WARN_STRICT_PROTOTYPES = YES;
				CLANG_WARN_SUSPICIOUS_MOVE = YES;
				CLANG_WARN_UNGUARDED_AVAILABILITY = YES_AGGRESSIVE;
				CLANG_WARN_UNREACHABLE_CODE = YES;
				CLANG_WARN__DUPLICATE_METHOD_MATCH = YES;
				COPY_PHASE_STRIP = NO;
				DEBUG_INFORMATION_FORMAT = dwarf;
				ENABLE_STRICT_OBJC_MSGSEND = YES;
				ENABLE_TESTABILITY = YES;
				GCC_C_LANGUAGE_STANDARD = gnu11;
				GCC_DYNAMIC_NO_PIC = NO;
				GCC_NO_COMMON_BLOCKS = YES;
				GCC_OPTIMIZATION_LEVEL = 0;
				GCC_PREPROCESSOR_DEFINITIONS = (
					"DEBUG=1",
					"$(inherited)",
				);
				GCC_WARN_64_TO_32_BIT_CONVERSION = YES;
				GCC_WARN_ABOUT_RETURN_TYPE = YES_ERROR;
				GCC_WARN_UNDECLARED_SELECTOR = YES;
				GCC_WARN_UNINITIALIZED_AUTOS = YES_AGGRESSIVE;
				GCC_WARN_UNUSED_FUNCTION = YES;
				GCC_WARN_UNUSED_VARIABLE = YES;
				IPHONEOS_DEPLOYMENT_TARGET = 15.5;
				MTL_ENABLE_DEBUG_INFO = INCLUDE_SOURCE;
				MTL_FAST_MATH = YES;
				ONLY_ACTIVE_ARCH = YES;
				SDKROOT = iphoneos;
				SWIFT_ACTIVE_COMPILATION_CONDITIONS = DEBUG;
				SWIFT_OPTIMIZATION_LEVEL = "-Onone";
			};
			name = Debug;
		};
		8FFE021D288C64AB007C4427 /* Release */ = {
			isa = XCBuildConfiguration;
			buildSettings = {
				ALWAYS_SEARCH_USER_PATHS = NO;
				CLANG_ANALYZER_NONNULL = YES;
				CLANG_ANALYZER_NUMBER_OBJECT_CONVERSION = YES_AGGRESSIVE;
				CLANG_CXX_LANGUAGE_STANDARD = "gnu++17";
				CLANG_ENABLE_MODULES = YES;
				CLANG_ENABLE_OBJC_ARC = YES;
				CLANG_ENABLE_OBJC_WEAK = YES;
				CLANG_WARN_BLOCK_CAPTURE_AUTORELEASING = YES;
				CLANG_WARN_BOOL_CONVERSION = YES;
				CLANG_WARN_COMMA = YES;
				CLANG_WARN_CONSTANT_CONVERSION = YES;
				CLANG_WARN_DEPRECATED_OBJC_IMPLEMENTATIONS = YES;
				CLANG_WARN_DIRECT_OBJC_ISA_USAGE = YES_ERROR;
				CLANG_WARN_DOCUMENTATION_COMMENTS = YES;
				CLANG_WARN_EMPTY_BODY = YES;
				CLANG_WARN_ENUM_CONVERSION = YES;
				CLANG_WARN_INFINITE_RECURSION = YES;
				CLANG_WARN_INT_CONVERSION = YES;
				CLANG_WARN_NON_LITERAL_NULL_CONVERSION = YES;
				CLANG_WARN_OBJC_IMPLICIT_RETAIN_SELF = YES;
				CLANG_WARN_OBJC_LITERAL_CONVERSION = YES;
				CLANG_WARN_OBJC_ROOT_CLASS = YES_ERROR;
				CLANG_WARN_QUOTED_INCLUDE_IN_FRAMEWORK_HEADER = YES;
				CLANG_WARN_RANGE_LOOP_ANALYSIS = YES;
				CLANG_WARN_STRICT_PROTOTYPES = YES;
				CLANG_WARN_SUSPICIOUS_MOVE = YES;
				CLANG_WARN_UNGUARDED_AVAILABILITY = YES_AGGRESSIVE;
				CLANG_WARN_UNREACHABLE_CODE = YES;
				CLANG_WARN__DUPLICATE_METHOD_MATCH = YES;
				COPY_PHASE_STRIP = NO;
				DEBUG_INFORMATION_FORMAT = "dwarf-with-dsym";
				ENABLE_NS_ASSERTIONS = NO;
				ENABLE_STRICT_OBJC_MSGSEND = YES;
				GCC_C_LANGUAGE_STANDARD = gnu11;
				GCC_NO_COMMON_BLOCKS = YES;
				GCC_WARN_64_TO_32_BIT_CONVERSION = YES;
				GCC_WARN_ABOUT_RETURN_TYPE = YES_ERROR;
				GCC_WARN_UNDECLARED_SELECTOR = YES;
				GCC_WARN_UNINITIALIZED_AUTOS = YES_AGGRESSIVE;
				GCC_WARN_UNUSED_FUNCTION = YES;
				GCC_WARN_UNUSED_VARIABLE = YES;
				IPHONEOS_DEPLOYMENT_TARGET = 15.5;
				MTL_ENABLE_DEBUG_INFO = NO;
				MTL_FAST_MATH = YES;
				SDKROOT = iphoneos;
				SWIFT_COMPILATION_MODE = wholemodule;
				SWIFT_OPTIMIZATION_LEVEL = "-O";
				VALIDATE_PRODUCT = YES;
			};
			name = Release;
		};
		8FFE021F288C64AB007C4427 /* Debug */ = {
			isa = XCBuildConfiguration;
			buildSettings = {
				ASSETCATALOG_COMPILER_APPICON_NAME = AppIcon;
				ASSETCATALOG_COMPILER_GLOBAL_ACCENT_COLOR_NAME = AccentColor;
				CODE_SIGN_STYLE = Automatic;
				CURRENT_PROJECT_VERSION = 1;
				DEVELOPMENT_ASSET_PATHS = "\"LineJumper/Preview Content\"";
				DEVELOPMENT_TEAM = GM7RLG4NF7;
				ENABLE_PREVIEWS = YES;
				GENERATE_INFOPLIST_FILE = YES;
				INFOPLIST_KEY_UIApplicationSceneManifest_Generation = YES;
				INFOPLIST_KEY_UIApplicationSupportsIndirectInputEvents = YES;
				INFOPLIST_KEY_UILaunchScreen_Generation = YES;
				INFOPLIST_KEY_UISupportedInterfaceOrientations_iPad = "UIInterfaceOrientationPortrait UIInterfaceOrientationPortraitUpsideDown UIInterfaceOrientationLandscapeLeft UIInterfaceOrientationLandscapeRight";
				INFOPLIST_KEY_UISupportedInterfaceOrientations_iPhone = "UIInterfaceOrientationPortrait UIInterfaceOrientationLandscapeLeft UIInterfaceOrientationLandscapeRight";
				LD_RUNPATH_SEARCH_PATHS = (
					"$(inherited)",
					"@executable_path/Frameworks",
				);
				MARKETING_VERSION = 1.0;
				PRODUCT_BUNDLE_IDENTIFIER = com.vinayasharma.LineJumper;
				PRODUCT_NAME = "$(TARGET_NAME)";
				SWIFT_EMIT_LOC_STRINGS = YES;
				SWIFT_VERSION = 5.0;
				TARGETED_DEVICE_FAMILY = "1,2";
			};
			name = Debug;
		};
		8FFE0220288C64AB007C4427 /* Release */ = {
			isa = XCBuildConfiguration;
			buildSettings = {
				ASSETCATALOG_COMPILER_APPICON_NAME = AppIcon;
				ASSETCATALOG_COMPILER_GLOBAL_ACCENT_COLOR_NAME = AccentColor;
				CODE_SIGN_STYLE = Automatic;
				CURRENT_PROJECT_VERSION = 1;
				DEVELOPMENT_ASSET_PATHS = "\"LineJumper/Preview Content\"";
				DEVELOPMENT_TEAM = GM7RLG4NF7;
				ENABLE_PREVIEWS = YES;
				GENERATE_INFOPLIST_FILE = YES;
				INFOPLIST_KEY_UIApplicationSceneManifest_Generation = YES;
				INFOPLIST_KEY_UIApplicationSupportsIndirectInputEvents = YES;
				INFOPLIST_KEY_UILaunchScreen_Generation = YES;
				INFOPLIST_KEY_UISupportedInterfaceOrientations_iPad = "UIInterfaceOrientationPortrait UIInterfaceOrientationPortraitUpsideDown UIInterfaceOrientationLandscapeLeft UIInterfaceOrientationLandscapeRight";
				INFOPLIST_KEY_UISupportedInterfaceOrientations_iPhone = "UIInterfaceOrientationPortrait UIInterfaceOrientationLandscapeLeft UIInterfaceOrientationLandscapeRight";
				LD_RUNPATH_SEARCH_PATHS = (
					"$(inherited)",
					"@executable_path/Frameworks",
				);
				MARKETING_VERSION = 1.0;
				PRODUCT_BUNDLE_IDENTIFIER = com.vinayasharma.LineJumper;
				PRODUCT_NAME = "$(TARGET_NAME)";
				SWIFT_EMIT_LOC_STRINGS = YES;
				SWIFT_VERSION = 5.0;
				TARGETED_DEVICE_FAMILY = "1,2";
			};
			name = Release;
		};
/* End XCBuildConfiguration section */

/* Begin XCConfigurationList section */
		8FFE020B288C64AA007C4427 /* Build configuration list for PBXProject "LineJumper" */ = {
			isa = XCConfigurationList;
			buildConfigurations = (
				8FFE021C288C64AB007C4427 /* Debug */,
				8FFE021D288C64AB007C4427 /* Release */,
			);
			defaultConfigurationIsVisible = 0;
			defaultConfigurationName = Release;
		};
		8FFE021E288C64AB007C4427 /* Build configuration list for PBXNativeTarget "LineJumper" */ = {
			isa = XCConfigurationList;
			buildConfigurations = (
				8FFE021F288C64AB007C4427 /* Debug */,
				8FFE0220288C64AB007C4427 /* Release */,
			);
			defaultConfigurationIsVisible = 0;
			defaultConfigurationName = Release;
		};
/* End XCConfigurationList section */

/* Begin XCRemoteSwiftPackageReference section */
		8FD35DBD288EC79700A7DBFE /* XCRemoteSwiftPackageReference "SwiftEntryKit" */ = {
			isa = XCRemoteSwiftPackageReference;
			repositoryURL = "https://github.com/huri000/SwiftEntryKit";
			requirement = {
				kind = upToNextMajorVersion;
				minimumVersion = 2.0.0;
			};
		};
/* End XCRemoteSwiftPackageReference section */

/* Begin XCSwiftPackageProductDependency section */
		8FD35DBE288EC79700A7DBFE /* SwiftEntryKit */ = {
			isa = XCSwiftPackageProductDependency;
			package = 8FD35DBD288EC79700A7DBFE /* XCRemoteSwiftPackageReference "SwiftEntryKit" */;
			productName = SwiftEntryKit;
		};
/* End XCSwiftPackageProductDependency section */
	};
	rootObject = 8FFE0208288C64AA007C4427 /* Project object */;
}
